
Microsoft Visual Studio Solution File, Format Version 12.00
# Visual Studio 15
VisualStudioVersion = 15.0.26730.12
MinimumVisualStudioVersion = 10.0.40219.1
Project("{FAE04EC0-301F-11D3-BF4B-00C04F79EFBC}") = "App_ToLend.Android", "App_ToLend\App_ToLend.Android\App_ToLend.Android.csproj", "{AA60D2DA-B58F-4E90-B570-5F33D1B13919}"
EndProject
Project("{FAE04EC0-301F-11D3-BF4B-00C04F79EFBC}") = "App_ToLend", "App_ToLend\App_ToLend\App_ToLend.csproj", "{0149D72C-4288-44D4-8A09-2A3FC1677654}"
EndProject
Project("{FAE04EC0-301F-11D3-BF4B-00C04F79EFBC}") = "App_ToLend.UWP", "App_ToLend\App_ToLend.UWP\App_ToLend.UWP.csproj", "{6A4993D9-64CD-4444-AE87-57477C02808F}"
EndProject
Project("{FAE04EC0-301F-11D3-BF4B-00C04F79EFBC}") = "App_ToLend.iOS", "App_ToLend\App_ToLend.iOS\App_ToLend.iOS.csproj", "{9C1A7846-5DBA-4561-B360-2C89C69681B9}"
EndProject
Global
	GlobalSection(SolutionConfigurationPlatforms) = preSolution
		Ad-Hoc|Any CPU = Ad-Hoc|Any CPU
		Ad-Hoc|ARM = Ad-Hoc|ARM
		Ad-Hoc|iPhone = Ad-Hoc|iPhone
		Ad-Hoc|iPhoneSimulator = Ad-Hoc|iPhoneSimulator
		Ad-Hoc|x64 = Ad-Hoc|x64
		Ad-Hoc|x86 = Ad-Hoc|x86
		AppStore|Any CPU = AppStore|Any CPU
		AppStore|ARM = AppStore|ARM
		AppStore|iPhone = AppStore|iPhone
		AppStore|iPhoneSimulator = AppStore|iPhoneSimulator
		AppStore|x64 = AppStore|x64
		AppStore|x86 = AppStore|x86
		Debug|Any CPU = Debug|Any CPU
		Debug|ARM = Debug|ARM
		Debug|iPhone = Debug|iPhone
		Debug|iPhoneSimulator = Debug|iPhoneSimulator
		Debug|x64 = Debug|x64
		Debug|x86 = Debug|x86
		Release|Any CPU = Release|Any CPU
		Release|ARM = Release|ARM
		Release|iPhone = Release|iPhone
		Release|iPhoneSimulator = Release|iPhoneSimulator
		Release|x64 = Release|x64
		Release|x86 = Release|x86
	EndGlobalSection
	GlobalSection(ProjectConfigurationPlatforms) = postSolution
		{AA60D2DA-B58F-4E90-B570-5F33D1B13919}.Ad-Hoc|Any CPU.ActiveCfg = Release|Any CPU
		{AA60D2DA-B58F-4E90-B570-5F33D1B13919}.Ad-Hoc|Any CPU.Build.0 = Release|Any CPU
		{AA60D2DA-B58F-4E90-B570-5F33D1B13919}.Ad-Hoc|Any CPU.Deploy.0 = Release|Any CPU
		{AA60D2DA-B58F-4E90-B570-5F33D1B13919}.Ad-Hoc|ARM.ActiveCfg = Release|Any CPU
		{AA60D2DA-B58F-4E90-B570-5F33D1B13919}.Ad-Hoc|ARM.Build.0 = Release|Any CPU
		{AA60D2DA-B58F-4E90-B570-5F33D1B13919}.Ad-Hoc|ARM.Deploy.0 = Release|Any CPU
		{AA60D2DA-B58F-4E90-B570-5F33D1B13919}.Ad-Hoc|iPhone.ActiveCfg = Release|Any CPU
		{AA60D2DA-B58F-4E90-B570-5F33D1B13919}.Ad-Hoc|iPhone.Build.0 = Release|Any CPU
		{AA60D2DA-B58F-4E90-B570-5F33D1B13919}.Ad-Hoc|iPhone.Deploy.0 = Release|Any CPU
		{AA60D2DA-B58F-4E90-B570-5F33D1B13919}.Ad-Hoc|iPhoneSimulator.ActiveCfg = Release|Any CPU
		{AA60D2DA-B58F-4E90-B570-5F33D1B13919}.Ad-Hoc|iPhoneSimulator.Build.0 = Release|Any CPU
		{AA60D2DA-B58F-4E90-B570-5F33D1B13919}.Ad-Hoc|iPhoneSimulator.Deploy.0 = Release|Any CPU
		{AA60D2DA-B58F-4E90-B570-5F33D1B13919}.Ad-Hoc|x64.ActiveCfg = Release|Any CPU
		{AA60D2DA-B58F-4E90-B570-5F33D1B13919}.Ad-Hoc|x64.Build.0 = Release|Any CPU
		{AA60D2DA-B58F-4E90-B570-5F33D1B13919}.Ad-Hoc|x64.Deploy.0 = Release|Any CPU
		{AA60D2DA-B58F-4E90-B570-5F33D1B13919}.Ad-Hoc|x86.ActiveCfg = Release|Any CPU
		{AA60D2DA-B58F-4E90-B570-5F33D1B13919}.Ad-Hoc|x86.Build.0 = Release|Any CPU
		{AA60D2DA-B58F-4E90-B570-5F33D1B13919}.Ad-Hoc|x86.Deploy.0 = Release|Any CPU
		{AA60D2DA-B58F-4E90-B570-5F33D1B13919}.AppStore|Any CPU.ActiveCfg = Release|Any CPU
		{AA60D2DA-B58F-4E90-B570-5F33D1B13919}.AppStore|Any CPU.Build.0 = Release|Any CPU
		{AA60D2DA-B58F-4E90-B570-5F33D1B13919}.AppStore|Any CPU.Deploy.0 = Release|Any CPU
		{AA60D2DA-B58F-4E90-B570-5F33D1B13919}.AppStore|ARM.ActiveCfg = Release|Any CPU
		{AA60D2DA-B58F-4E90-B570-5F33D1B13919}.AppStore|ARM.Build.0 = Release|Any CPU
		{AA60D2DA-B58F-4E90-B570-5F33D1B13919}.AppStore|ARM.Deploy.0 = Release|Any CPU
		{AA60D2DA-B58F-4E90-B570-5F33D1B13919}.AppStore|iPhone.ActiveCfg = Release|Any CPU
		{AA60D2DA-B58F-4E90-B570-5F33D1B13919}.AppStore|iPhone.Build.0 = Release|Any CPU
		{AA60D2DA-B58F-4E90-B570-5F33D1B13919}.AppStore|iPhone.Deploy.0 = Release|Any CPU
		{AA60D2DA-B58F-4E90-B570-5F33D1B13919}.AppStore|iPhoneSimulator.ActiveCfg = Release|Any CPU
		{AA60D2DA-B58F-4E90-B570-5F33D1B13919}.AppStore|iPhoneSimulator.Build.0 = Release|Any CPU
		{AA60D2DA-B58F-4E90-B570-5F33D1B13919}.AppStore|iPhoneSimulator.Deploy.0 = Release|Any CPU
		{AA60D2DA-B58F-4E90-B570-5F33D1B13919}.AppStore|x64.ActiveCfg = Release|Any CPU
		{AA60D2DA-B58F-4E90-B570-5F33D1B13919}.AppStore|x64.Build.0 = Release|Any CPU
		{AA60D2DA-B58F-4E90-B570-5F33D1B13919}.AppStore|x64.Deploy.0 = Release|Any CPU
		{AA60D2DA-B58F-4E90-B570-5F33D1B13919}.AppStore|x86.ActiveCfg = Release|Any CPU
		{AA60D2DA-B58F-4E90-B570-5F33D1B13919}.AppStore|x86.Build.0 = Release|Any CPU
		{AA60D2DA-B58F-4E90-B570-5F33D1B13919}.AppStore|x86.Deploy.0 = Release|Any CPU
		{AA60D2DA-B58F-4E90-B570-5F33D1B13919}.Debug|Any CPU.ActiveCfg = Debug|Any CPU
		{AA60D2DA-B58F-4E90-B570-5F33D1B13919}.Debug|Any CPU.Build.0 = Debug|Any CPU
		{AA60D2DA-B58F-4E90-B570-5F33D1B13919}.Debug|Any CPU.Deploy.0 = Debug|Any CPU
		{AA60D2DA-B58F-4E90-B570-5F33D1B13919}.Debug|ARM.ActiveCfg = Debug|Any CPU
		{AA60D2DA-B58F-4E90-B570-5F33D1B13919}.Debug|ARM.Build.0 = Debug|Any CPU
		{AA60D2DA-B58F-4E90-B570-5F33D1B13919}.Debug|ARM.Deploy.0 = Debug|Any CPU
		{AA60D2DA-B58F-4E90-B570-5F33D1B13919}.Debug|iPhone.ActiveCfg = Debug|Any CPU
		{AA60D2DA-B58F-4E90-B570-5F33D1B13919}.Debug|iPhone.Build.0 = Debug|Any CPU
		{AA60D2DA-B58F-4E90-B570-5F33D1B13919}.Debug|iPhone.Deploy.0 = Debug|Any CPU
		{AA60D2DA-B58F-4E90-B570-5F33D1B13919}.Debug|iPhoneSimulator.ActiveCfg = Debug|Any CPU
		{AA60D2DA-B58F-4E90-B570-5F33D1B13919}.Debug|iPhoneSimulator.Build.0 = Debug|Any CPU
		{AA60D2DA-B58F-4E90-B570-5F33D1B13919}.Debug|iPhoneSimulator.Deploy.0 = Debug|Any CPU
		{AA60D2DA-B58F-4E90-B570-5F33D1B13919}.Debug|x64.ActiveCfg = Debug|Any CPU
		{AA60D2DA-B58F-4E90-B570-5F33D1B13919}.Debug|x64.Build.0 = Debug|Any CPU
		{AA60D2DA-B58F-4E90-B570-5F33D1B13919}.Debug|x64.Deploy.0 = Debug|Any CPU
		{AA60D2DA-B58F-4E90-B570-5F33D1B13919}.Debug|x86.ActiveCfg = Debug|Any CPU
		{AA60D2DA-B58F-4E90-B570-5F33D1B13919}.Debug|x86.Build.0 = Debug|Any CPU
		{AA60D2DA-B58F-4E90-B570-5F33D1B13919}.Debug|x86.Deploy.0 = Debug|Any CPU
		{AA60D2DA-B58F-4E90-B570-5F33D1B13919}.Release|Any CPU.ActiveCfg = Release|Any CPU
		{AA60D2DA-B58F-4E90-B570-5F33D1B13919}.Release|Any CPU.Build.0 = Release|Any CPU
		{AA60D2DA-B58F-4E90-B570-5F33D1B13919}.Release|Any CPU.Deploy.0 = Release|Any CPU
		{AA60D2DA-B58F-4E90-B570-5F33D1B13919}.Release|ARM.ActiveCfg = Release|Any CPU
		{AA60D2DA-B58F-4E90-B570-5F33D1B13919}.Release|ARM.Build.0 = Release|Any CPU
		{AA60D2DA-B58F-4E90-B570-5F33D1B13919}.Release|ARM.Deploy.0 = Release|Any CPU
		{AA60D2DA-B58F-4E90-B570-5F33D1B13919}.Release|iPhone.ActiveCfg = Release|Any CPU
		{AA60D2DA-B58F-4E90-B570-5F33D1B13919}.Release|iPhone.Build.0 = Release|Any CPU
		{AA60D2DA-B58F-4E90-B570-5F33D1B13919}.Release|iPhone.Deploy.0 = Release|Any CPU
		{AA60D2DA-B58F-4E90-B570-5F33D1B13919}.Release|iPhoneSimulator.ActiveCfg = Release|Any CPU
		{AA60D2DA-B58F-4E90-B570-5F33D1B13919}.Release|iPhoneSimulator.Build.0 = Release|Any CPU
		{AA60D2DA-B58F-4E90-B570-5F33D1B13919}.Release|iPhoneSimulator.Deploy.0 = Release|Any CPU
		{AA60D2DA-B58F-4E90-B570-5F33D1B13919}.Release|x64.ActiveCfg = Release|Any CPU
		{AA60D2DA-B58F-4E90-B570-5F33D1B13919}.Release|x64.Build.0 = Release|Any CPU
		{AA60D2DA-B58F-4E90-B570-5F33D1B13919}.Release|x64.Deploy.0 = Release|Any CPU
		{AA60D2DA-B58F-4E90-B570-5F33D1B13919}.Release|x86.ActiveCfg = Release|Any CPU
		{AA60D2DA-B58F-4E90-B570-5F33D1B13919}.Release|x86.Build.0 = Release|Any CPU
		{AA60D2DA-B58F-4E90-B570-5F33D1B13919}.Release|x86.Deploy.0 = Release|Any CPU
		{0149D72C-4288-44D4-8A09-2A3FC1677654}.Ad-Hoc|Any CPU.ActiveCfg = Release|Any CPU
		{0149D72C-4288-44D4-8A09-2A3FC1677654}.Ad-Hoc|Any CPU.Build.0 = Release|Any CPU
		{0149D72C-4288-44D4-8A09-2A3FC1677654}.Ad-Hoc|ARM.ActiveCfg = Release|Any CPU
		{0149D72C-4288-44D4-8A09-2A3FC1677654}.Ad-Hoc|ARM.Build.0 = Release|Any CPU
		{0149D72C-4288-44D4-8A09-2A3FC1677654}.Ad-Hoc|iPhone.ActiveCfg = Release|Any CPU
		{0149D72C-4288-44D4-8A09-2A3FC1677654}.Ad-Hoc|iPhone.Build.0 = Release|Any CPU
		{0149D72C-4288-44D4-8A09-2A3FC1677654}.Ad-Hoc|iPhoneSimulator.ActiveCfg = Release|Any CPU
		{0149D72C-4288-44D4-8A09-2A3FC1677654}.Ad-Hoc|iPhoneSimulator.Build.0 = Release|Any CPU
		{0149D72C-4288-44D4-8A09-2A3FC1677654}.Ad-Hoc|x64.ActiveCfg = Release|Any CPU
		{0149D72C-4288-44D4-8A09-2A3FC1677654}.Ad-Hoc|x64.Build.0 = Release|Any CPU
		{0149D72C-4288-44D4-8A09-2A3FC1677654}.Ad-Hoc|x86.ActiveCfg = Release|Any CPU
		{0149D72C-4288-44D4-8A09-2A3FC1677654}.Ad-Hoc|x86.Build.0 = Release|Any CPU
		{0149D72C-4288-44D4-8A09-2A3FC1677654}.AppStore|Any CPU.ActiveCfg = Release|Any CPU
		{0149D72C-4288-44D4-8A09-2A3FC1677654}.AppStore|Any CPU.Build.0 = Release|Any CPU
		{0149D72C-4288-44D4-8A09-2A3FC1677654}.AppStore|ARM.ActiveCfg = Release|Any CPU
		{0149D72C-4288-44D4-8A09-2A3FC1677654}.AppStore|ARM.Build.0 = Release|Any CPU
		{0149D72C-4288-44D4-8A09-2A3FC1677654}.AppStore|iPhone.ActiveCfg = Release|Any CPU
		{0149D72C-4288-44D4-8A09-2A3FC1677654}.AppStore|iPhone.Build.0 = Release|Any CPU
		{0149D72C-4288-44D4-8A09-2A3FC1677654}.AppStore|iPhoneSimulator.ActiveCfg = Release|Any CPU
		{0149D72C-4288-44D4-8A09-2A3FC1677654}.AppStore|iPhoneSimulator.Build.0 = Release|Any CPU
		{0149D72C-4288-44D4-8A09-2A3FC1677654}.AppStore|x64.ActiveCfg = Release|Any CPU
		{0149D72C-4288-44D4-8A09-2A3FC1677654}.AppStore|x64.Build.0 = Release|Any CPU
		{0149D72C-4288-44D4-8A09-2A3FC1677654}.AppStore|x86.ActiveCfg = Release|Any CPU
		{0149D72C-4288-44D4-8A09-2A3FC1677654}.AppStore|x86.Build.0 = Release|Any CPU
		{0149D72C-4288-44D4-8A09-2A3FC1677654}.Debug|Any CPU.ActiveCfg = Debug|Any CPU
		{0149D72C-4288-44D4-8A09-2A3FC1677654}.Debug|Any CPU.Build.0 = Debug|Any CPU
		{0149D72C-4288-44D4-8A09-2A3FC1677654}.Debug|ARM.ActiveCfg = Debug|Any CPU
		{0149D72C-4288-44D4-8A09-2A3FC1677654}.Debug|ARM.Build.0 = Debug|Any CPU
		{0149D72C-4288-44D4-8A09-2A3FC1677654}.Debug|iPhone.ActiveCfg = Debug|Any CPU
		{0149D72C-4288-44D4-8A09-2A3FC1677654}.Debug|iPhone.Build.0 = Debug|Any CPU
		{0149D72C-4288-44D4-8A09-2A3FC1677654}.Debug|iPhoneSimulator.ActiveCfg = Debug|Any CPU
		{0149D72C-4288-44D4-8A09-2A3FC1677654}.Debug|iPhoneSimulator.Build.0 = Debug|Any CPU
		{0149D72C-4288-44D4-8A09-2A3FC1677654}.Debug|x64.ActiveCfg = Debug|Any CPU
		{0149D72C-4288-44D4-8A09-2A3FC1677654}.Debug|x64.Build.0 = Debug|Any CPU
		{0149D72C-4288-44D4-8A09-2A3FC1677654}.Debug|x86.ActiveCfg = Debug|Any CPU
		{0149D72C-4288-44D4-8A09-2A3FC1677654}.Debug|x86.Build.0 = Debug|Any CPU
		{0149D72C-4288-44D4-8A09-2A3FC1677654}.Release|Any CPU.ActiveCfg = Release|Any CPU
		{0149D72C-4288-44D4-8A09-2A3FC1677654}.Release|Any CPU.Build.0 = Release|Any CPU
		{0149D72C-4288-44D4-8A09-2A3FC1677654}.Release|ARM.ActiveCfg = Release|Any CPU
		{0149D72C-4288-44D4-8A09-2A3FC1677654}.Release|ARM.Build.0 = Release|Any CPU
		{0149D72C-4288-44D4-8A09-2A3FC1677654}.Release|iPhone.ActiveCfg = Release|Any CPU
		{0149D72C-4288-44D4-8A09-2A3FC1677654}.Release|iPhone.Build.0 = Release|Any CPU
		{0149D72C-4288-44D4-8A09-2A3FC1677654}.Release|iPhoneSimulator.ActiveCfg = Release|Any CPU
		{0149D72C-4288-44D4-8A09-2A3FC1677654}.Release|iPhoneSimulator.Build.0 = Release|Any CPU
		{0149D72C-4288-44D4-8A09-2A3FC1677654}.Release|x64.ActiveCfg = Release|Any CPU
		{0149D72C-4288-44D4-8A09-2A3FC1677654}.Release|x64.Build.0 = Release|Any CPU
		{0149D72C-4288-44D4-8A09-2A3FC1677654}.Release|x86.ActiveCfg = Release|Any CPU
		{0149D72C-4288-44D4-8A09-2A3FC1677654}.Release|x86.Build.0 = Release|Any CPU
		{6A4993D9-64CD-4444-AE87-57477C02808F}.Ad-Hoc|Any CPU.ActiveCfg = Release|x86
		{6A4993D9-64CD-4444-AE87-57477C02808F}.Ad-Hoc|Any CPU.Build.0 = Release|x86
		{6A4993D9-64CD-4444-AE87-57477C02808F}.Ad-Hoc|Any CPU.Deploy.0 = Release|x86
		{6A4993D9-64CD-4444-AE87-57477C02808F}.Ad-Hoc|ARM.ActiveCfg = Release|ARM
		{6A4993D9-64CD-4444-AE87-57477C02808F}.Ad-Hoc|ARM.Build.0 = Release|ARM
		{6A4993D9-64CD-4444-AE87-57477C02808F}.Ad-Hoc|ARM.Deploy.0 = Release|ARM
		{6A4993D9-64CD-4444-AE87-57477C02808F}.Ad-Hoc|iPhone.ActiveCfg = Release|x86
		{6A4993D9-64CD-4444-AE87-57477C02808F}.Ad-Hoc|iPhone.Build.0 = Release|x86
		{6A4993D9-64CD-4444-AE87-57477C02808F}.Ad-Hoc|iPhone.Deploy.0 = Release|x86
		{6A4993D9-64CD-4444-AE87-57477C02808F}.Ad-Hoc|iPhoneSimulator.ActiveCfg = Release|x86
		{6A4993D9-64CD-4444-AE87-57477C02808F}.Ad-Hoc|iPhoneSimulator.Build.0 = Release|x86
		{6A4993D9-64CD-4444-AE87-57477C02808F}.Ad-Hoc|iPhoneSimulator.Deploy.0 = Release|x86
		{6A4993D9-64CD-4444-AE87-57477C02808F}.Ad-Hoc|x64.ActiveCfg = Release|x64
		{6A4993D9-64CD-4444-AE87-57477C02808F}.Ad-Hoc|x64.Build.0 = Release|x64
		{6A4993D9-64CD-4444-AE87-57477C02808F}.Ad-Hoc|x64.Deploy.0 = Release|x64
		{6A4993D9-64CD-4444-AE87-57477C02808F}.Ad-Hoc|x86.ActiveCfg = Release|x86
		{6A4993D9-64CD-4444-AE87-57477C02808F}.Ad-Hoc|x86.Build.0 = Release|x86
		{6A4993D9-64CD-4444-AE87-57477C02808F}.Ad-Hoc|x86.Deploy.0 = Release|x86
		{6A4993D9-64CD-4444-AE87-57477C02808F}.AppStore|Any CPU.ActiveCfg = Release|x86
		{6A4993D9-64CD-4444-AE87-57477C02808F}.AppStore|Any CPU.Build.0 = Release|x86
		{6A4993D9-64CD-4444-AE87-57477C02808F}.AppStore|Any CPU.Deploy.0 = Release|x86
		{6A4993D9-64CD-4444-AE87-57477C02808F}.AppStore|ARM.ActiveCfg = Release|ARM
		{6A4993D9-64CD-4444-AE87-57477C02808F}.AppStore|ARM.Build.0 = Release|ARM
		{6A4993D9-64CD-4444-AE87-57477C02808F}.AppStore|ARM.Deploy.0 = Release|ARM
		{6A4993D9-64CD-4444-AE87-57477C02808F}.AppStore|iPhone.ActiveCfg = Release|x86
		{6A4993D9-64CD-4444-AE87-57477C02808F}.AppStore|iPhone.Build.0 = Release|x86
		{6A4993D9-64CD-4444-AE87-57477C02808F}.AppStore|iPhone.Deploy.0 = Release|x86
		{6A4993D9-64CD-4444-AE87-57477C02808F}.AppStore|iPhoneSimulator.ActiveCfg = Release|x86
		{6A4993D9-64CD-4444-AE87-57477C02808F}.AppStore|iPhoneSimulator.Build.0 = Release|x86
		{6A4993D9-64CD-4444-AE87-57477C02808F}.AppStore|iPhoneSimulator.Deploy.0 = Release|x86
		{6A4993D9-64CD-4444-AE87-57477C02808F}.AppStore|x64.ActiveCfg = Release|x64
		{6A4993D9-64CD-4444-AE87-57477C02808F}.AppStore|x64.Build.0 = Release|x64
		{6A4993D9-64CD-4444-AE87-57477C02808F}.AppStore|x64.Deploy.0 = Release|x64
		{6A4993D9-64CD-4444-AE87-57477C02808F}.AppStore|x86.ActiveCfg = Release|x86
		{6A4993D9-64CD-4444-AE87-57477C02808F}.AppStore|x86.Build.0 = Release|x86
		{6A4993D9-64CD-4444-AE87-57477C02808F}.AppStore|x86.Deploy.0 = Release|x86
		{6A4993D9-64CD-4444-AE87-57477C02808F}.Debug|Any CPU.ActiveCfg = Debug|x86
		{6A4993D9-64CD-4444-AE87-57477C02808F}.Debug|ARM.ActiveCfg = Debug|ARM
		{6A4993D9-64CD-4444-AE87-57477C02808F}.Debug|ARM.Build.0 = Debug|ARM
		{6A4993D9-64CD-4444-AE87-57477C02808F}.Debug|ARM.Deploy.0 = Debug|ARM
		{6A4993D9-64CD-4444-AE87-57477C02808F}.Debug|iPhone.ActiveCfg = Debug|x86
		{6A4993D9-64CD-4444-AE87-57477C02808F}.Debug|iPhoneSimulator.ActiveCfg = Debug|x86
		{6A4993D9-64CD-4444-AE87-57477C02808F}.Debug|x64.ActiveCfg = Debug|x64
		{6A4993D9-64CD-4444-AE87-57477C02808F}.Debug|x64.Build.0 = Debug|x64
		{6A4993D9-64CD-4444-AE87-57477C02808F}.Debug|x64.Deploy.0 = Debug|x64
		{6A4993D9-64CD-4444-AE87-57477C02808F}.Debug|x86.ActiveCfg = Debug|x86
		{6A4993D9-64CD-4444-AE87-57477C02808F}.Debug|x86.Build.0 = Debug|x86
		{6A4993D9-64CD-4444-AE87-57477C02808F}.Debug|x86.Deploy.0 = Debug|x86
		{6A4993D9-64CD-4444-AE87-57477C02808F}.Release|Any CPU.ActiveCfg = Release|x86
		{6A4993D9-64CD-4444-AE87-57477C02808F}.Release|ARM.ActiveCfg = Release|ARM
		{6A4993D9-64CD-4444-AE87-57477C02808F}.Release|ARM.Build.0 = Release|ARM
		{6A4993D9-64CD-4444-AE87-57477C02808F}.Release|ARM.Deploy.0 = Release|ARM
		{6A4993D9-64CD-4444-AE87-57477C02808F}.Release|iPhone.ActiveCfg = Release|x86
		{6A4993D9-64CD-4444-AE87-57477C02808F}.Release|iPhoneSimulator.ActiveCfg = Release|x86
		{6A4993D9-64CD-4444-AE87-57477C02808F}.Release|x64.ActiveCfg = Release|x64
		{6A4993D9-64CD-4444-AE87-57477C02808F}.Release|x64.Build.0 = Release|x64
		{6A4993D9-64CD-4444-AE87-57477C02808F}.Release|x64.Deploy.0 = Release|x64
		{6A4993D9-64CD-4444-AE87-57477C02808F}.Release|x86.ActiveCfg = Release|x86
		{6A4993D9-64CD-4444-AE87-57477C02808F}.Release|x86.Build.0 = Release|x86
		{6A4993D9-64CD-4444-AE87-57477C02808F}.Release|x86.Deploy.0 = Release|x86
		{9C1A7846-5DBA-4561-B360-2C89C69681B9}.Ad-Hoc|Any CPU.ActiveCfg = Ad-Hoc|iPhone
		{9C1A7846-5DBA-4561-B360-2C89C69681B9}.Ad-Hoc|ARM.ActiveCfg = Ad-Hoc|iPhone
		{9C1A7846-5DBA-4561-B360-2C89C69681B9}.Ad-Hoc|iPhone.ActiveCfg = Ad-Hoc|iPhone
		{9C1A7846-5DBA-4561-B360-2C89C69681B9}.Ad-Hoc|iPhone.Build.0 = Ad-Hoc|iPhone
		{9C1A7846-5DBA-4561-B360-2C89C69681B9}.Ad-Hoc|iPhoneSimulator.ActiveCfg = Ad-Hoc|iPhoneSimulator
		{9C1A7846-5DBA-4561-B360-2C89C69681B9}.Ad-Hoc|iPhoneSimulator.Build.0 = Ad-Hoc|iPhoneSimulator
		{9C1A7846-5DBA-4561-B360-2C89C69681B9}.Ad-Hoc|x64.ActiveCfg = Ad-Hoc|iPhone
		{9C1A7846-5DBA-4561-B360-2C89C69681B9}.Ad-Hoc|x86.ActiveCfg = Ad-Hoc|iPhone
		{9C1A7846-5DBA-4561-B360-2C89C69681B9}.AppStore|Any CPU.ActiveCfg = AppStore|iPhone
		{9C1A7846-5DBA-4561-B360-2C89C69681B9}.AppStore|ARM.ActiveCfg = AppStore|iPhone
		{9C1A7846-5DBA-4561-B360-2C89C69681B9}.AppStore|iPhone.ActiveCfg = AppStore|iPhone
		{9C1A7846-5DBA-4561-B360-2C89C69681B9}.AppStore|iPhone.Build.0 = AppStore|iPhone
		{9C1A7846-5DBA-4561-B360-2C89C69681B9}.AppStore|iPhoneSimulator.ActiveCfg = AppStore|iPhoneSimulator
		{9C1A7846-5DBA-4561-B360-2C89C69681B9}.AppStore|iPhoneSimulator.Build.0 = AppStore|iPhoneSimulator
		{9C1A7846-5DBA-4561-B360-2C89C69681B9}.AppStore|x64.ActiveCfg = AppStore|iPhone
		{9C1A7846-5DBA-4561-B360-2C89C69681B9}.AppStore|x86.ActiveCfg = AppStore|iPhone
		{9C1A7846-5DBA-4561-B360-2C89C69681B9}.Debug|Any CPU.ActiveCfg = Debug|iPhone
		{9C1A7846-5DBA-4561-B360-2C89C69681B9}.Debug|ARM.ActiveCfg = Debug|iPhone
		{9C1A7846-5DBA-4561-B360-2C89C69681B9}.Debug|iPhone.ActiveCfg = Debug|iPhone
		{9C1A7846-5DBA-4561-B360-2C89C69681B9}.Debug|iPhone.Build.0 = Debug|iPhone
		{9C1A7846-5DBA-4561-B360-2C89C69681B9}.Debug|iPhoneSimulator.ActiveCfg = Debug|iPhoneSimulator
		{9C1A7846-5DBA-4561-B360-2C89C69681B9}.Debug|iPhoneSimulator.Build.0 = Debug|iPhoneSimulator
		{9C1A7846-5DBA-4561-B360-2C89C69681B9}.Debug|x64.ActiveCfg = Debug|iPhone
		{9C1A7846-5DBA-4561-B360-2C89C69681B9}.Debug|x86.ActiveCfg = Debug|iPhone
		{9C1A7846-5DBA-4561-B360-2C89C69681B9}.Release|Any CPU.ActiveCfg = Release|iPhone
		{9C1A7846-5DBA-4561-B360-2C89C69681B9}.Release|ARM.ActiveCfg = Release|iPhone
		{9C1A7846-5DBA-4561-B360-2C89C69681B9}.Release|iPhone.ActiveCfg = Release|iPhone
		{9C1A7846-5DBA-4561-B360-2C89C69681B9}.Release|iPhone.Build.0 = Release|iPhone
		{9C1A7846-5DBA-4561-B360-2C89C69681B9}.Release|iPhoneSimulator.ActiveCfg = Release|iPhoneSimulator
		{9C1A7846-5DBA-4561-B360-2C89C69681B9}.Release|iPhoneSimulator.Build.0 = Release|iPhoneSimulator
		{9C1A7846-5DBA-4561-B360-2C89C69681B9}.Release|x64.ActiveCfg = Release|iPhone
		{9C1A7846-5DBA-4561-B360-2C89C69681B9}.Release|x86.ActiveCfg = Release|iPhone
	EndGlobalSection
	GlobalSection(SolutionProperties) = preSolution
		HideSolutionNode = FALSE
	EndGlobalSection
	GlobalSection(ExtensibilityGlobals) = postSolution
		SolutionGuid = {A781A31E-5004-42EA-B341-0830FBDD7BAE}
	EndGlobalSection
EndGlobal
